{
  "name": "Shark_Git",
  "lockfileVersion": 3,
  "requires": true,
  "packages": {
    "": {
      "dependencies": {
        "@azure/msal-browser": "^4.20.0",
        "@azure/msal-react": "^3.0.18"
      }
    },
    "node_modules/@azure/msal-browser": {
      "version": "4.20.0",
      "resolved": "https://registry.npmjs.org/@azure/msal-browser/-/msal-browser-4.20.0.tgz",
      "integrity": "sha512-JBGaxnYAvzFsT5TU6XhVpqc4XVMFjzsi6rrAVINX0PL3+wzs+k12fnvN/XFICvzCfV28NvHzxGfRRBoqE6GxNg==",
      "license": "MIT",
      "dependencies": {
        "@azure/msal-common": "15.11.0"
      },
      "engines": {
        "node": ">=0.8.0"
      }
    },
    "node_modules/@azure/msal-common": {
      "version": "15.11.0",
      "resolved": "https://registry.npmjs.org/@azure/msal-common/-/msal-common-15.11.0.tgz",
      "integrity": "sha512-1IseGNH6XGWe+5xhZlhasTJP6Ob7tnVSlfFUnjdeH4Kik0n1SORTmdB6xxTwbx9Ro8EuO0XaRzpdABWSf15sdg==",
      "license": "MIT",
      "engines": {
        "node": ">=0.8.0"
      }
    },
    "node_modules/@azure/msal-react": {
      "version": "3.0.18",
      "resolved": "https://registry.npmjs.org/@azure/msal-react/-/msal-react-3.0.18.tgz",
      "integrity": "sha512-iu8Ri47ni3Z+MdxeGqvt+7AujtVkdw4lgM9PqlQRL7K0I340uwySaccwVdo1McRmKyRn0118hmy+sNjLzQoBcg==",
      "license": "MIT",
      "engines": {
        "node": ">=10"
      },
      "peerDependencies": {
        "@azure/msal-browser": "^4.20.0",
        "react": "^16.8.0 || ^17 || ^18 || ^19"
      }
    },
    "node_modules/react": {
      "version": "19.1.1",
      "resolved": "https://registry.npmjs.org/react/-/react-19.1.1.tgz",
      "integrity": "sha512-w8nqGImo45dmMIfljjMwOGtbmC/mk4CMYhWIicdSflH91J9TyCyczcPFXJzrZ/ZXcgGRFeP6BU0BEJTw6tZdfQ==",
      "license": "MIT",
      "peer": true,
      "engines": {
        "node": ">=0.10.0"
      }
    }
  }
}
